{
  "name": "@sqf/utils",
  "version": "0.0.2",
  "lockfileVersion": 1,
  "requires": true,
  "dependencies": {
    "inherits": {
      "version": "2.0.3",
      "resolved": "http://artifactory.intra.xiaojukeji.com/artifactory/api/npm/npm/inherits/-/inherits-2.0.3.tgz?dl=https%3A%2F%2Fregistry.npmmirror.com%2Finherits%2F-%2Finherits-2.0.3.tgz",
      "integrity": "sha1-Yzwsg+PaQqUC9SRmAiSA9CCCYd4="
    },
    "path": {
      "version": "0.12.7",
      "resolved": "http://artifactory.intra.xiaojukeji.com/artifactory/api/npm/npm/path/-/path-0.12.7.tgz?dl=https%3A%2F%2Fregistry.npmmirror.com%2Fpath%2F-%2Fpath-0.12.7.tgz",
      "integrity": "sha1-1NwqUGxM4hl+tIHr/NWzbAFAsQ8=",
      "requires": {
        "process": "^0.11.1",
        "util": "^0.10.3"
      }
    },
    "process": {
      "version": "0.11.10",
      "resolved": "http://artifactory.intra.xiaojukeji.com/artifactory/api/npm/npm/process/-/process-0.11.10.tgz?dl=https%3A%2F%2Fregistry.npmmirror.com%2Fprocess%2F-%2Fprocess-0.11.10.tgz",
      "integrity": "sha1-czIwDoQBYb2j5podHZGn1LwW8YI="
    },
    "util": {
      "version": "0.10.4",
      "resolved": "http://artifactory.intra.xiaojukeji.com/artifactory/api/npm/npm/util/-/util-0.10.4.tgz?dl=https%3A%2F%2Fregistry.npmmirror.com%2Futil%2F-%2Futil-0.10.4.tgz",
      "integrity": "sha1-OqASW/5mikZy3liFfTrOJ+y3aQE=",
      "requires": {
        "inherits": "2.0.3"
      }
    }
  }
}
